Microsoft Visual Studio Solution File, Format Version 11.00
# Visual Studio 2008

Project("{2A3D5E08-375A-51A9-CFE3-066049940003}") = "AntProjectTrial", "Assembly-CSharp.csproj", "{B32F94FE-4A97-D4B4-16F1-3148D76C1F73}"
EndProject
Project("{2A3D5E08-375A-51A9-CFE3-066049940003}") = "AntProjectTrial", "Assembly-UnityScript.unityproj", "{5B6ADF3F-78C3-F8B0-679C-ED2404D4EB8A}"
EndProject
Global
	GlobalSection(SolutionConfigurationPlatforms) = preSolution
		Debug|Any CPU = Debug|Any CPU
		Release|Any CPU = Release|Any CPU
	EndGlobalSection
	GlobalSection(ProjectConfigurationPlatforms) = postSolution
		{B32F94FE-4A97-D4B4-16F1-3148D76C1F73}.Debug|Any CPU.ActiveCfg = Debug|Any CPU
		{B32F94FE-4A97-D4B4-16F1-3148D76C1F73}.Debug|Any CPU.Build.0 = Debug|Any CPU
		{B32F94FE-4A97-D4B4-16F1-3148D76C1F73}.Release|Any CPU.ActiveCfg = Release|Any CPU
		{B32F94FE-4A97-D4B4-16F1-3148D76C1F73}.Release|Any CPU.Build.0 = Release|Any CPU
		{5B6ADF3F-78C3-F8B0-679C-ED2404D4EB8A}.Debug|Any CPU.ActiveCfg = Debug|Any CPU
		{5B6ADF3F-78C3-F8B0-679C-ED2404D4EB8A}.Debug|Any CPU.Build.0 = Debug|Any CPU
		{5B6ADF3F-78C3-F8B0-679C-ED2404D4EB8A}.Release|Any CPU.ActiveCfg = Release|Any CPU
		{5B6ADF3F-78C3-F8B0-679C-ED2404D4EB8A}.Release|Any CPU.Build.0 = Release|Any CPU
	EndGlobalSection
	GlobalSection(SolutionProperties) = preSolution
		HideSolutionNode = FALSE
	EndGlobalSection
																																																														GlobalSection(MonoDevelopProperties) = preSolution
		StartupItem = Assembly-CSharp.csproj
		Policies = $0
		$0.TextStylePolicy = $1
		$1.inheritsSet = null
		$1.scope = text/x-csharp
		$0.CSharpFormattingPolicy = $2
		$2.inheritsSet = Mono
		$2.inheritsScope = text/x-csharp
		$2.scope = text/x-csharp
		$0.TextStylePolicy = $3
		$3.FileWidth = 120
		$3.TabWidth = 4
		$3.EolMarker = Unix
		$3.inheritsSet = Mono
		$3.inheritsScope = text/plain
		$3.scope = text/plain
	EndGlobalSection
EndGlobal
